// !$*UTF8*$!
{
	archiveVersion = 1;
	classes = {
	};
	objectVersion = 46;
	objects = {

/* Begin PBXBuildFile section */
		0F2541031F679BEE0031D4ED /* Secret.swift in Sources */ = {isa = PBXBuildFile; fileRef = 0F2541021F679BEE0031D4ED /* Secret.swift */; };
		0F64FD8B1ECD41FD00BB9A61 /* AppDelegate.swift in Sources */ = {isa = PBXBuildFile; fileRef = 0F64FD8A1ECD41FD00BB9A61 /* AppDelegate.swift */; };
		0F64FD8D1ECD41FE00BB9A61 /* ViewController.swift in Sources */ = {isa = PBXBuildFile; fileRef = 0F64FD8C1ECD41FE00BB9A61 /* ViewController.swift */; };
		0F64FD901ECD41FE00BB9A61 /* Main.storyboard in Resources */ = {isa = PBXBuildFile; fileRef = 0F64FD8E1ECD41FE00BB9A61 /* Main.storyboard */; };
		0F64FD921ECD420000BB9A61 /* Assets.xcassets in Resources */ = {isa = PBXBuildFile; fileRef = 0F64FD911ECD420000BB9A61 /* Assets.xcassets */; };
		0F64FD951ECD420000BB9A61 /* LaunchScreen.storyboard in Resources */ = {isa = PBXBuildFile; fileRef = 0F64FD931ECD420000BB9A61 /* LaunchScreen.storyboard */; };
		0F64FDA01ECD420600BB9A61 /* Weather_ForcastTests.swift in Sources */ = {isa = PBXBuildFile; fileRef = 0F64FD9F1ECD420600BB9A61 /* Weather_ForcastTests.swift */; };
		0F64FDAB1ECD420700BB9A61 /* Weather_ForcastUITests.swift in Sources */ = {isa = PBXBuildFile; fileRef = 0F64FDAA1ECD420700BB9A61 /* Weather_ForcastUITests.swift */; };
		0FD826671ECE3F5100814099 /* json_constants.swift in Sources */ = {isa = PBXBuildFile; fileRef = 0FD826661ECE3F5100814099 /* json_constants.swift */; };
		0FD8266B1ECE44DD00814099 /* CurrentWeather.swift in Sources */ = {isa = PBXBuildFile; fileRef = 0FD8266A1ECE44DD00814099 /* CurrentWeather.swift */; };
		A08DEC747163CAB3D57CBAD0 /* Pods_Weather_Forcast.framework in Frameworks */ = {isa = PBXBuildFile; fileRef = 915735A18D6D5286D65039B9 /* Pods_Weather_Forcast.framework */; };
/* End PBXBuildFile section */

/* Begin PBXContainerItemProxy section */
		0F64FD9C1ECD420600BB9A61 /* PBXContainerItemProxy */ = {
			isa = PBXContainerItemProxy;
			containerPortal = 0F64FD7F1ECD41FC00BB9A61 /* Project object */;
			proxyType = 1;
			remoteGlobalIDString = 0F64FD861ECD41FC00BB9A61;
			remoteInfo = "Weather-Forcast";
		};
		0F64FDA71ECD420700BB9A61 /* PBXContainerItemProxy */ = {
			isa = PBXContainerItemProxy;
			containerPortal = 0F64FD7F1ECD41FC00BB9A61 /* Project object */;
			proxyType = 1;
			remoteGlobalIDString = 0F64FD861ECD41FC00BB9A61;
			remoteInfo = "Weather-Forcast";
		};
/* End PBXContainerItemProxy section */

/* Begin PBXFileReference section */
		0F2541021F679BEE0031D4ED /* Secret.swift */ = {isa = PBXFileReference; fileEncoding = 4; lastKnownFileType = sourcecode.swift; path = Secret.swift; sourceTree = "<group>"; };
		0F64FD871ECD41FC00BB9A61 /* Weather-Forcast.app */ = {isa = PBXFileReference; explicitFileType = wrapper.application; includeInIndex = 0; path = "Weather-Forcast.app"; sourceTree = BUILT_PRODUCTS_DIR; };
		0F64FD8A1ECD41FD00BB9A61 /* AppDelegate.swift */ = {isa = PBXFileReference; lastKnownFileType = sourcecode.swift; path = AppDelegate.swift; sourceTree = "<group>"; };
		0F64FD8C1ECD41FE00BB9A61 /* ViewController.swift */ = {isa = PBXFileReference; lastKnownFileType = sourcecode.swift; path = ViewController.swift; sourceTree = "<group>"; };
		0F64FD8F1ECD41FE00BB9A61 /* Base */ = {isa = PBXFileReference; lastKnownFileType = file.storyboard; name = Base; path = Base.lproj/Main.storyboard; sourceTree = "<group>"; };
		0F64FD911ECD420000BB9A61 /* Assets.xcassets */ = {isa = PBXFileReference; lastKnownFileType = folder.assetcatalog; path = Assets.xcassets; sourceTree = "<group>"; };
		0F64FD941ECD420000BB9A61 /* Base */ = {isa = PBXFileReference; lastKnownFileType = file.storyboard; name = Base; path = Base.lproj/LaunchScreen.storyboard; sourceTree = "<group>"; };
		0F64FD961ECD420100BB9A61 /* Info.plist */ = {isa = PBXFileReference; lastKnownFileType = text.plist.xml; path = Info.plist; sourceTree = "<group>"; };
		0F64FD9B1ECD420600BB9A61 /* Weather-ForcastTests.xctest */ = {isa = PBXFileReference; explicitFileType = wrapper.cfbundle; includeInIndex = 0; path = "Weather-ForcastTests.xctest"; sourceTree = BUILT_PRODUCTS_DIR; };
		0F64FD9F1ECD420600BB9A61 /* Weather_ForcastTests.swift */ = {isa = PBXFileReference; lastKnownFileType = sourcecode.swift; path = Weather_ForcastTests.swift; sourceTree = "<group>"; };
		0F64FDA11ECD420700BB9A61 /* Info.plist */ = {isa = PBXFileReference; lastKnownFileType = text.plist.xml; path = Info.plist; sourceTree = "<group>"; };
		0F64FDA61ECD420700BB9A61 /* Weather-ForcastUITests.xctest */ = {isa = PBXFileReference; explicitFileType = wrapper.cfbundle; includeInIndex = 0; path = "Weather-ForcastUITests.xctest"; sourceTree = BUILT_PRODUCTS_DIR; };
		0F64FDAA1ECD420700BB9A61 /* Weather_ForcastUITests.swift */ = {isa = PBXFileReference; lastKnownFileType = sourcecode.swift; path = Weather_ForcastUITests.swift; sourceTree = "<group>"; };
		0F64FDAC1ECD420700BB9A61 /* Info.plist */ = {isa = PBXFileReference; lastKnownFileType = text.plist.xml; path = Info.plist; sourceTree = "<group>"; };
		0FD826661ECE3F5100814099 /* json_constants.swift */ = {isa = PBXFileReference; fileEncoding = 4; lastKnownFileType = sourcecode.swift; path = json_constants.swift; sourceTree = "<group>"; };
		0FD8266A1ECE44DD00814099 /* CurrentWeather.swift */ = {isa = PBXFileReference; fileEncoding = 4; lastKnownFileType = sourcecode.swift; path = CurrentWeather.swift; sourceTree = "<group>"; };
		915735A18D6D5286D65039B9 /* Pods_Weather_Forcast.framework */ = {isa = PBXFileReference; explicitFileType = wrapper.framework; includeInIndex = 0; path = Pods_Weather_Forcast.framework; sourceTree = BUILT_PRODUCTS_DIR; };
		949E5E4E728A3F35D219D641 /* Pods-Weather-Forcast.debug.xcconfig */ = {isa = PBXFileReference; includeInIndex = 1; lastKnownFileType = text.xcconfig; name = "Pods-Weather-Forcast.debug.xcconfig"; path = "Pods/Target Support Files/Pods-Weather-Forcast/Pods-Weather-Forcast.debug.xcconfig"; sourceTree = "<group>"; };
		E4FA6E3462A785EF96B20B40 /* Pods-Weather-Forcast.release.xcconfig */ = {isa = PBXFileReference; includeInIndex = 1; lastKnownFileType = text.xcconfig; name = "Pods-Weather-Forcast.release.xcconfig"; path = "Pods/Target Support Files/Pods-Weather-Forcast/Pods-Weather-Forcast.release.xcconfig"; sourceTree = "<group>"; };
/* End PBXFileReference section */

/* Begin PBXFrameworksBuildPhase section */
		0F64FD841ECD41FC00BB9A61 /* Frameworks */ = {
			isa = PBXFrameworksBuildPhase;
			buildActionMask = 2147483647;
			files = (
				A08DEC747163CAB3D57CBAD0 /* Pods_Weather_Forcast.framework in Frameworks */,
			);
			runOnlyForDeploymentPostprocessing = 0;
		};
		0F64FD981ECD420600BB9A61 /* Frameworks */ = {
			isa = PBXFrameworksBuildPhase;
			buildActionMask = 2147483647;
			files = (
			);
			runOnlyForDeploymentPostprocessing = 0;
		};
		0F64FDA31ECD420700BB9A61 /* Frameworks */ = {
			isa = PBXFrameworksBuildPhase;
			buildActionMask = 2147483647;
			files = (
			);
			runOnlyForDeploymentPostprocessing = 0;
		};
/* End PBXFrameworksBuildPhase section */

/* Begin PBXGroup section */
		06F99E4B8283C2020A50E074 /* Frameworks */ = {
			isa = PBXGroup;
			children = (
				915735A18D6D5286D65039B9 /* Pods_Weather_Forcast.framework */,
			);
			name = Frameworks;
			sourceTree = "<group>";
		};
		0F64FD7E1ECD41FC00BB9A61 = {
			isa = PBXGroup;
			children = (
				0F64FD891ECD41FC00BB9A61 /* Weather-Forcast */,
				0F64FD9E1ECD420600BB9A61 /* Weather-ForcastTests */,
				0F64FDA91ECD420700BB9A61 /* Weather-ForcastUITests */,
				0F64FD881ECD41FC00BB9A61 /* Products */,
				9C154FBF27B00AC4E6962532 /* Pods */,
				06F99E4B8283C2020A50E074 /* Frameworks */,
			);
			sourceTree = "<group>";
		};
		0F64FD881ECD41FC00BB9A61 /* Products */ = {
			isa = PBXGroup;
			children = (
				0F64FD871ECD41FC00BB9A61 /* Weather-Forcast.app */,
				0F64FD9B1ECD420600BB9A61 /* Weather-ForcastTests.xctest */,
				0F64FDA61ECD420700BB9A61 /* Weather-ForcastUITests.xctest */,
			);
			name = Products;
			sourceTree = "<group>";
		};
		0F64FD891ECD41FC00BB9A61 /* Weather-Forcast */ = {
			isa = PBXGroup;
			children = (
				0F64FD8A1ECD41FD00BB9A61 /* AppDelegate.swift */,
				0F64FD8C1ECD41FE00BB9A61 /* ViewController.swift */,
				0FD8266A1ECE44DD00814099 /* CurrentWeather.swift */,
				0F64FD8E1ECD41FE00BB9A61 /* Main.storyboard */,
				0FD826661ECE3F5100814099 /* json_constants.swift */,
				0F2541021F679BEE0031D4ED /* Secret.swift */,
				0F64FD911ECD420000BB9A61 /* Assets.xcassets */,
				0F64FD931ECD420000BB9A61 /* LaunchScreen.storyboard */,
				0F64FD961ECD420100BB9A61 /* Info.plist */,
			);
			path = "Weather-Forcast";
			sourceTree = "<group>";
		};
		0F64FD9E1ECD420600BB9A61 /* Weather-ForcastTests */ = {
			isa = PBXGroup;
			children = (
				0F64FD9F1ECD420600BB9A61 /* Weather_ForcastTests.swift */,
				0F64FDA11ECD420700BB9A61 /* Info.plist */,
			);
			path = "Weather-ForcastTests";
			sourceTree = "<group>";
		};
		0F64FDA91ECD420700BB9A61 /* Weather-ForcastUITests */ = {
			isa = PBXGroup;
			children = (
				0F64FDAA1ECD420700BB9A61 /* Weather_ForcastUITests.swift */,
				0F64FDAC1ECD420700BB9A61 /* Info.plist */,
			);
			path = "Weather-ForcastUITests";
			sourceTree = "<group>";
		};
		9C154FBF27B00AC4E6962532 /* Pods */ = {
			isa = PBXGroup;
			children = (
				949E5E4E728A3F35D219D641 /* Pods-Weather-Forcast.debug.xcconfig */,
				E4FA6E3462A785EF96B20B40 /* Pods-Weather-Forcast.release.xcconfig */,
			);
			name = Pods;
			sourceTree = "<group>";
		};
/* End PBXGroup section */

/* Begin PBXNativeTarget section */
		0F64FD861ECD41FC00BB9A61 /* Weather-Forcast */ = {
			isa = PBXNativeTarget;
			buildConfigurationList = 0F64FDAF1ECD420700BB9A61 /* Build configuration list for PBXNativeTarget "Weather-Forcast" */;
			buildPhases = (
				C4A9DD454170CC220E671347 /* [CP] Check Pods Manifest.lock */,
				0F64FD831ECD41FC00BB9A61 /* Sources */,
				0F64FD841ECD41FC00BB9A61 /* Frameworks */,
				0F64FD851ECD41FC00BB9A61 /* Resources */,
				A212FDC5AEE8EBD9363E40B6 /* [CP] Embed Pods Frameworks */,
				67EE7B90CD86168153F71226 /* [CP] Copy Pods Resources */,
			);
			buildRules = (
			);
			dependencies = (
			);
			name = "Weather-Forcast";
			productName = "Weather-Forcast";
			productReference = 0F64FD871ECD41FC00BB9A61 /* Weather-Forcast.app */;
			productType = "com.apple.product-type.application";
		};
		0F64FD9A1ECD420600BB9A61 /* Weather-ForcastTests */ = {
			isa = PBXNativeTarget;
			buildConfigurationList = 0F64FDB21ECD420700BB9A61 /* Build configuration list for PBXNativeTarget "Weather-ForcastTests" */;
			buildPhases = (
				0F64FD971ECD420600BB9A61 /* Sources */,
				0F64FD981ECD420600BB9A61 /* Frameworks */,
				0F64FD991ECD420600BB9A61 /* Resources */,
			);
			buildRules = (
			);
			dependencies = (
				0F64FD9D1ECD420600BB9A61 /* PBXTargetDependency */,
			);
			name = "Weather-ForcastTests";
			productName = "Weather-ForcastTests";
			productReference = 0F64FD9B1ECD420600BB9A61 /* Weather-ForcastTests.xctest */;
			productType = "com.apple.product-type.bundle.unit-test";
		};
		0F64FDA51ECD420700BB9A61 /* Weather-ForcastUITests */ = {
			isa = PBXNativeTarget;
			buildConfigurationList = 0F64FDB51ECD420700BB9A61 /* Build configuration list for PBXNativeTarget "Weather-ForcastUITests" */;
			buildPhases = (
				0F64FDA21ECD420700BB9A61 /* Sources */,
				0F64FDA31ECD420700BB9A61 /* Frameworks */,
				0F64FDA41ECD420700BB9A61 /* Resources */,
			);
			buildRules = (
			);
			dependencies = (
				0F64FDA81ECD420700BB9A61 /* PBXTargetDependency */,
			);
			name = "Weather-ForcastUITests";
			productName = "Weather-ForcastUITests";
			productReference = 0F64FDA61ECD420700BB9A61 /* Weather-ForcastUITests.xctest */;
			productType = "com.apple.product-type.bundle.ui-testing";
		};
/* End PBXNativeTarget section */

/* Begin PBXProject section */
		0F64FD7F1ECD41FC00BB9A61 /* Project object */ = {
			isa = PBXProject;
			attributes = {
				LastSwiftUpdateCheck = 0830;
				LastUpgradeCheck = 0830;
				ORGANIZATIONNAME = "Brandon Innis";
				TargetAttributes = {
					0F64FD861ECD41FC00BB9A61 = {
						CreatedOnToolsVersion = 8.3.2;
						DevelopmentTeam = XL9L3UE85C;
						ProvisioningStyle = Automatic;
					};
					0F64FD9A1ECD420600BB9A61 = {
						CreatedOnToolsVersion = 8.3.2;
						ProvisioningStyle = Automatic;
						TestTargetID = 0F64FD861ECD41FC00BB9A61;
					};
					0F64FDA51ECD420700BB9A61 = {
						CreatedOnToolsVersion = 8.3.2;
						ProvisioningStyle = Automatic;
						TestTargetID = 0F64FD861ECD41FC00BB9A61;
					};
				};
			};
			buildConfigurationList = 0F64FD821ECD41FC00BB9A61 /* Build configuration list for PBXProject "Weather-Forcast" */;
			compatibilityVersion = "Xcode 3.2";
			developmentRegion = English;
			hasScannedForEncodings = 0;
			knownRegions = (
				en,
				Base,
			);
			mainGroup = 0F64FD7E1ECD41FC00BB9A61;
			productRefGroup = 0F64FD881ECD41FC00BB9A61 /* Products */;
			projectDirPath = "";
			projectRoot = "";
			targets = (
				0F64FD861ECD41FC00BB9A61 /* Weather-Forcast */,
				0F64FD9A1ECD420600BB9A61 /* Weather-ForcastTests */,
				0F64FDA51ECD420700BB9A61 /* Weather-ForcastUITests */,
			);
		};
/* End PBXProject section */

/* Begin PBXResourcesBuildPhase section */
		0F64FD851ECD41FC00BB9A61 /* Resources */ = {
			isa = PBXResourcesBuildPhase;
			buildActionMask = 2147483647;
			files = (
				0F64FD951ECD420000BB9A61 /* LaunchScreen.storyboard in Resources */,
				0F64FD921ECD420000BB9A61 /* Assets.xcassets in Resources */,
				0F64FD901ECD41FE00BB9A61 /* Main.storyboard in Resources */,
			);
			runOnlyForDeploymentPostprocessing = 0;
		};
		0F64FD991ECD420600BB9A61 /* Resources */ = {
			isa = PBXResourcesBuildPhase;
			buildActionMask = 2147483647;
			files = (
			);
			runOnlyForDeploymentPostprocessing = 0;
		};
		0F64FDA41ECD420700BB9A61 /* Resources */ = {
			isa = PBXResourcesBuildPhase;
			buildActionMask = 2147483647;
			files = (
			);
			runOnlyForDeploymentPostprocessing = 0;
		};
/* End PBXResourcesBuildPhase section */

/* Begin PBXShellScriptBuildPhase section */
		67EE7B90CD86168153F71226 /* [CP] Copy Pods Resources */ = {
			isa = PBXShellScriptBuildPhase;
			buildActionMask = 2147483647;
			files = (
			);
			inputPaths = (
			);
			name = "[CP] Copy Pods Resources";
			outputPaths = (
			);
			runOnlyForDeploymentPostprocessing = 0;
			shellPath = /bin/sh;
			shellScript = "\"${SRCROOT}/Pods/Target Support Files/Pods-Weather-Forcast/Pods-Weather-Forcast-resources.sh\"\n";
			showEnvVarsInLog = 0;
		};
		A212FDC5AEE8EBD9363E40B6 /* [CP] Embed Pods Frameworks */ = {
			isa = PBXShellScriptBuildPhase;
			buildActionMask = 2147483647;
			files = (
			);
			inputPaths = (
			);
			name = "[CP] Embed Pods Frameworks";
			outputPaths = (
			);
			runOnlyForDeploymentPostprocessing = 0;
			shellPath = /bin/sh;
			shellScript = "\"${SRCROOT}/Pods/Target Support Files/Pods-Weather-Forcast/Pods-Weather-Forcast-frameworks.sh\"\n";
			showEnvVarsInLog = 0;
		};
		C4A9DD454170CC220E671347 /* [CP] Check Pods Manifest.lock */ = {
			isa = PBXShellScriptBuildPhase;
			buildActionMask = 2147483647;
			files = (
			);
			inputPaths = (
			);
			name = "[CP] Check Pods Manifest.lock";
			outputPaths = (
			);
			runOnlyForDeploymentPostprocessing = 0;
			shellPath = /bin/sh;
			shellScript = "diff \"${PODS_PODFILE_DIR_PATH}/Podfile.lock\" \"${PODS_ROOT}/Manifest.lock\" > /dev/null\nif [ $? != 0 ] ; then\n    # print error to STDERR\n    echo \"error: The sandbox is not in sync with the Podfile.lock. Run 'pod install' or update your CocoaPods installation.\" >&2\n    exit 1\nfi\n";
			showEnvVarsInLog = 0;
		};
/* End PBXShellScriptBuildPhase section */

/* Begin PBXSourcesBuildPhase section */
		0F64FD831ECD41FC00BB9A61 /* Sources */ = {
			isa = PBXSourcesBuildPhase;
			buildActionMask = 2147483647;
			files = (
				0F64FD8D1ECD41FE00BB9A61 /* ViewController.swift in Sources */,
				0F2541031F679BEE0031D4ED /* Secret.swift in Sources */,
				0FD826671ECE3F5100814099 /* json_constants.swift in Sources */,
				0FD8266B1ECE44DD00814099 /* CurrentWeather.swift in Sources */,
				0F64FD8B1ECD41FD00BB9A61 /* AppDelegate.swift in Sources */,
			);
			runOnlyForDeploymentPostprocessing = 0;
		};
		0F64FD971ECD420600BB9A61 /* Sources */ = {
			isa = PBXSourcesBuildPhase;
			buildActionMask = 2147483647;
			files = (
				0F64FDA01ECD420600BB9A61 /* Weather_ForcastTests.swift in Sources */,
			);
			runOnlyForDeploymentPostprocessing = 0;
		};
		0F64FDA21ECD420700BB9A61 /* Sources */ = {
			isa = PBXSourcesBuildPhase;
			buildActionMask = 2147483647;
			files = (
				0F64FDAB1ECD420700BB9A61 /* Weather_ForcastUITests.swift in Sources */,
			);
			runOnlyForDeploymentPostprocessing = 0;
		};
/* End PBXSourcesBuildPhase section */

/* Begin PBXTargetDependency section */
		0F64FD9D1ECD420600BB9A61 /* PBXTargetDependency */ = {
			isa = PBXTargetDependency;
			target = 0F64FD861ECD41FC00BB9A61 /* Weather-Forcast */;
			targetProxy = 0F64FD9C1ECD420600BB9A61 /* PBXContainerItemProxy */;
		};
		0F64FDA81ECD420700BB9A61 /* PBXTargetDependency */ = {
			isa = PBXTargetDependency;
			target = 0F64FD861ECD41FC00BB9A61 /* Weather-Forcast */;
			targetProxy = 0F64FDA71ECD420700BB9A61 /* PBXContainerItemProxy */;
		};
/* End PBXTargetDependency section */

/* Begin PBXVariantGroup section */
		0F64FD8E1ECD41FE00BB9A61 /* Main.storyboard */ = {
			isa = PBXVariantGroup;
			children = (
				0F64FD8F1ECD41FE00BB9A61 /* Base */,
			);
			name = Main.storyboard;
			sourceTree = "<group>";
		};
		0F64FD931ECD420000BB9A61 /* LaunchScreen.storyboard */ = {
			isa = PBXVariantGroup;
			children = (
				0F64FD941ECD420000BB9A61 /* Base */,
			);
			name = LaunchScreen.storyboard;
			sourceTree = "<group>";
		};
/* End PBXVariantGroup section */

/* Begin XCBuildConfiguration section */
		0F64FDAD1ECD420700BB9A61 /* Debug */ = {
			isa = XCBuildConfiguration;
			buildSettings = {
				ALWAYS_SEARCH_USER_PATHS = NO;
				CLANG_ANALYZER_NONNULL = YES;
				CLANG_ANALYZER_NUMBER_OBJECT_CONVERSION = YES_AGGRESSIVE;
				CLANG_CXX_LANGUAGE_STANDARD = "gnu++0x";
				CLANG_CXX_LIBRARY = "libc++";
				CLANG_ENABLE_MODULES = YES;
				CLANG_ENABLE_OBJC_ARC = YES;
				CLANG_WARN_BOOL_CONVERSION = YES;
				CLANG_WARN_CONSTANT_CONVERSION = YES;
				CLANG_WARN_DIRECT_OBJC_ISA_USAGE = YES_ERROR;
				CLANG_WARN_DOCUMENTATION_COMMENTS = YES;
				CLANG_WARN_EMPTY_BODY = YES;
				CLANG_WARN_ENUM_CONVERSION = YES;
				CLANG_WARN_INFINITE_RECURSION = YES;
				CLANG_WARN_INT_CONVERSION = YES;
				CLANG_WARN_OBJC_ROOT_CLASS = YES_ERROR;
				CLANG_WARN_SUSPICIOUS_MOVE = YES;
				CLANG_WARN_UNREACHABLE_CODE = YES;
				CLANG_WARN__DUPLICATE_METHOD_MATCH = YES;
				"CODE_SIGN_IDENTITY[sdk=iphoneos*]" = "iPhone Developer";
				COPY_PHASE_STRIP = NO;
				DEBUG_INFORMATION_FORMAT = dwarf;
				ENABLE_STRICT_OBJC_MSGSEND = YES;
				ENABLE_TESTABILITY = YES;
				GCC_C_LANGUAGE_STANDARD = gnu99;
				GCC_DYNAMIC_NO_PIC = NO;
				GCC_NO_COMMON_BLOCKS = YES;
				GCC_OPTIMIZATION_LEVEL = 0;
				GCC_PREPROCESSOR_DEFINITIONS = (
					"DEBUG=1",
					"$(inherited)",
				);
				GCC_WARN_64_TO_32_BIT_CONVERSION = YES;
				GCC_WARN_ABOUT_RETURN_TYPE = YES_ERROR;
				GCC_WARN_UNDECLARED_SELECTOR = YES;
				GCC_WARN_UNINITIALIZED_AUTOS = YES_AGGRESSIVE;
				GCC_WARN_UNUSED_FUNCTION = YES;
				GCC_WARN_UNUSED_VARIABLE = YES;
				IPHONEOS_DEPLOYMENT_TARGET = 10.3;
				MTL_ENABLE_DEBUG_INFO = YES;
				ONLY_ACTIVE_ARCH = YES;
				SDKROOT = iphoneos;
				SWIFT_ACTIVE_COMPILATION_CONDITIONS = DEBUG;
				SWIFT_OPTIMIZATION_LEVEL = "-Onone";
				TARGETED_DEVICE_FAMILY = "1,2";
			};
			name = Debug;
		};
		0F64FDAE1ECD420700BB9A61 /* Release */ = {
			isa = XCBuildConfiguration;
			buildSettings = {
				ALWAYS_SEARCH_USER_PATHS = NO;
				CLANG_ANALYZER_NONNULL = YES;
				CLANG_ANALYZER_NUMBER_OBJECT_CONVERSION = YES_AGGRESSIVE;
				CLANG_CXX_LANGUAGE_STANDARD = "gnu++0x";
				CLANG_CXX_LIBRARY = "libc++";
				CLANG_ENABLE_MODULES = YES;
				CLANG_ENABLE_OBJC_ARC = YES;
				CLANG_WARN_BOOL_CONVERSION = YES;
				CLANG_WARN_CONSTANT_CONVERSION = YES;
				CLANG_WARN_DIRECT_OBJC_ISA_USAGE = YES_ERROR;
				CLANG_WARN_DOCUMENTATION_COMMENTS = YES;
				CLANG_WARN_EMPTY_BODY = YES;
				CLANG_WARN_ENUM_CONVERSION = YES;
				CLANG_WARN_INFINITE_RECURSION = YES;
				CLANG_WARN_INT_CONVERSION = YES;
				CLANG_WARN_OBJC_ROOT_CLASS = YES_ERROR;
				CLANG_WARN_SUSPICIOUS_MOVE = YES;
				CLANG_WARN_UNREACHABLE_CODE = YES;
				CLANG_WARN__DUPLICATE_METHOD_MATCH = YES;
				"CODE_SIGN_IDENTITY[sdk=iphoneos*]" = "iPhone Developer";
				COPY_PHASE_STRIP = NO;
				DEBUG_INFORMATION_FORMAT = "dwarf-with-dsym";
				ENABLE_NS_ASSERTIONS = NO;
				ENABLE_STRICT_OBJC_MSGSEND = YES;
				GCC_C_LANGUAGE_STANDARD = gnu99;
				GCC_NO_COMMON_BLOCKS = YES;
				GCC_WARN_64_TO_32_BIT_CONVERSION = YES;
				GCC_WARN_ABOUT_RETURN_TYPE = YES_ERROR;
				GCC_WARN_UNDECLARED_SELECTOR = YES;
				GCC_WARN_UNINITIALIZED_AUTOS = YES_AGGRESSIVE;
				GCC_WARN_UNUSED_FUNCTION = YES;
				GCC_WARN_UNUSED_VARIABLE = YES;
				IPHONEOS_DEPLOYMENT_TARGET = 10.3;
				MTL_ENABLE_DEBUG_INFO = NO;
				SDKROOT = iphoneos;
				SWIFT_OPTIMIZATION_LEVEL = "-Owholemodule";
				TARGETED_DEVICE_FAMILY = "1,2";
				VALIDATE_PRODUCT = YES;
			};
			name = Release;
		};
		0F64FDB01ECD420700BB9A61 /* Debug */ = {
			isa = XCBuildConfiguration;
			baseConfigurationReference = 949E5E4E728A3F35D219D641 /* Pods-Weather-Forcast.debug.xcconfig */;
			buildSettings = {
				ASSETCATALOG_COMPILER_APPICON_NAME = AppIcon;
				"CODE_SIGN_IDENTITY[sdk=iphoneos*]" = "iPhone Developer";
				DEVELOPMENT_TEAM = XL9L3UE85C;
				INFOPLIST_FILE = "Weather-Forcast/Info.plist";
				LD_RUNPATH_SEARCH_PATHS = "$(inherited) @executable_path/Frameworks";
				PRODUCT_BUNDLE_IDENTIFIER = "brandoninnis.Weather-Forcast";
				PRODUCT_NAME = "$(TARGET_NAME)";
				PROVISIONING_PROFILE_SPECIFIER = "";
				SWIFT_VERSION = 3.0;
			};
			name = Debug;
		};
		0F64FDB11ECD420700BB9A61 /* Release */ = {
			isa = XCBuildConfiguration;
			baseConfigurationReference = E4FA6E3462A785EF96B20B40 /* Pods-Weather-Forcast.release.xcconfig */;
			buildSettings = {
				ASSETCATALOG_COMPILER_APPICON_NAME = AppIcon;
				"CODE_SIGN_IDENTITY[sdk=iphoneos*]" = "iPhone Developer";
				DEVELOPMENT_TEAM = XL9L3UE85C;
				INFOPLIST_FILE = "Weather-Forcast/Info.plist";
				LD_RUNPATH_SEARCH_PATHS = "$(inherited) @executable_path/Frameworks";
				PRODUCT_BUNDLE_IDENTIFIER = "brandoninnis.Weather-Forcast";
				PRODUCT_NAME = "$(TARGET_NAME)";
				PROVISIONING_PROFILE_SPECIFIER = "";
				SWIFT_VERSION = 3.0;
			};
			name = Release;
		};
		0F64FDB31ECD420700BB9A61 /* Debug */ = {
			isa = XCBuildConfiguration;
			buildSettings = {
				ALWAYS_EMBED_SWIFT_STANDARD_LIBRARIES = YES;
				BUNDLE_LOADER = "$(TEST_HOST)";
				INFOPLIST_FILE = "Weather-ForcastTests/Info.plist";
				LD_RUNPATH_SEARCH_PATHS = "$(inherited) @executable_path/Frameworks @loader_path/Frameworks";
				PRODUCT_BUNDLE_IDENTIFIER = "brandoninnis.Weather-ForcastTests";
				PRODUCT_NAME = "$(TARGET_NAME)";
				SWIFT_VERSION = 3.0;
				TEST_HOST = "$(BUILT_PRODUCTS_DIR)/Weather-Forcast.app/Weather-Forcast";
			};
			name = Debug;
		};
		0F64FDB41ECD420700BB9A61 /* Release */ = {
			isa = XCBuildConfiguration;
			buildSettings = {
				ALWAYS_EMBED_SWIFT_STANDARD_LIBRARIES = YES;
				BUNDLE_LOADER = "$(TEST_HOST)";
				INFOPLIST_FILE = "Weather-ForcastTests/Info.plist";
				LD_RUNPATH_SEARCH_PATHS = "$(inherited) @executable_path/Frameworks @loader_path/Frameworks";
				PRODUCT_BUNDLE_IDENTIFIER = "brandoninnis.Weather-ForcastTests";
				PRODUCT_NAME = "$(TARGET_NAME)";
				SWIFT_VERSION = 3.0;
				TEST_HOST = "$(BUILT_PRODUCTS_DIR)/Weather-Forcast.app/Weather-Forcast";
			};
			name = Release;
		};
		0F64FDB61ECD420700BB9A61 /* Debug */ = {
			isa = XCBuildConfiguration;
			buildSettings = {
				ALWAYS_EMBED_SWIFT_STANDARD_LIBRARIES = YES;
				INFOPLIST_FILE = "Weather-ForcastUITests/Info.plist";
				LD_RUNPATH_SEARCH_PATHS = "$(inherited) @executable_path/Frameworks @loader_path/Frameworks";
				PRODUCT_BUNDLE_IDENTIFIER = "brandoninnis.Weather-ForcastUITests";
				PRODUCT_NAME = "$(TARGET_NAME)";
				SWIFT_VERSION = 3.0;
				TEST_TARGET_NAME = "Weather-Forcast";
			};
			name = Debug;
		};
		0F64FDB71ECD420700BB9A61 /* Release */ = {
			isa = XCBuildConfiguration;
			buildSettings = {
				ALWAYS_EMBED_SWIFT_STANDARD_LIBRARIES = YES;
				INFOPLIST_FILE = "Weather-ForcastUITests/Info.plist";
				LD_RUNPATH_SEARCH_PATHS = "$(inherited) @executable_path/Frameworks @loader_path/Frameworks";
				PRODUCT_BUNDLE_IDENTIFIER = "brandoninnis.Weather-ForcastUITests";
				PRODUCT_NAME = "$(TARGET_NAME)";
				SWIFT_VERSION = 3.0;
				TEST_TARGET_NAME = "Weather-Forcast";
			};
			name = Release;
		};
/* End XCBuildConfiguration section */

/* Begin XCConfigurationList section */
		0F64FD821ECD41FC00BB9A61 /* Build configuration list for PBXProject "Weather-Forcast" */ = {
			isa = XCConfigurationList;
			buildConfigurations = (
				0F64FDAD1ECD420700BB9A61 /* Debug */,
				0F64FDAE1ECD420700BB9A61 /* Release */,
			);
			defaultConfigurationIsVisible = 0;
			defaultConfigurationName = Release;
		};
		0F64FDAF1ECD420700BB9A61 /* Build configuration list for PBXNativeTarget "Weather-Forcast" */ = {
			isa = XCConfigurationList;
			buildConfigurations = (
				0F64FDB01ECD420700BB9A61 /* Debug */,
				0F64FDB11ECD420700BB9A61 /* Release */,
			);
			defaultConfigurationIsVisible = 0;
			defaultConfigurationName = Release;
		};
		0F64FDB21ECD420700BB9A61 /* Build configuration list for PBXNativeTarget "Weather-ForcastTests" */ = {
			isa = XCConfigurationList;
			buildConfigurations = (
				0F64FDB31ECD420700BB9A61 /* Debug */,
				0F64FDB41ECD420700BB9A61 /* Release */,
			);
			defaultConfigurationIsVisible = 0;
			defaultConfigurationName = Release;
		};
		0F64FDB51ECD420700BB9A61 /* Build configuration list for PBXNativeTarget "Weather-ForcastUITests" */ = {
			isa = XCConfigurationList;
			buildConfigurations = (
				0F64FDB61ECD420700BB9A61 /* Debug */,
				0F64FDB71ECD420700BB9A61 /* Release */,
			);
			defaultConfigurationIsVisible = 0;
			defaultConfigurationName = Release;
		};
/* End XCConfigurationList section */
	};
	rootObject = 0F64FD7F1ECD41FC00BB9A61 /* Project object */;
}
